<?xml version="1.0" encoding="utf-8"?>
<Project ToolsVersion="4.0" xmlns="http://schemas.microsoft.com/developer/msbuild/2003">
  <ItemGroup>
    <Filter Include="Scenes">
      <UniqueIdentifier>{dfa46945-ae5e-43ff-b2b2-d8c4faa49b66}</UniqueIdentifier>
    </Filter>
    <Filter Include="Depends">
      <UniqueIdentifier>{8a2a5dff-9ff0-4175-b87c-c47e20e4396b}</UniqueIdentifier>
    </Filter>
    <Filter Include="Core">
      <UniqueIdentifier>{b4e96eb8-3e5d-48f2-9f82-1e1b6e8a7242}</UniqueIdentifier>
    </Filter>
    <Filter Include="Core\Headers">
      <UniqueIdentifier>{3227a906-faeb-48a7-8833-e0d9622d17c6}</UniqueIdentifier>
    </Filter>
    <Filter Include="Extensions">
      <UniqueIdentifier>{d02e344e-f150-4f1c-ada0-ca699edea906}</UniqueIdentifier>
    </Filter>
    <Filter Include="DevMenu">
      <UniqueIdentifier>{e7daa728-d0d9-41ab-92be-520aa3558883}</UniqueIdentifier>
    </Filter>
    <Filter Include="DevMenu\Headers">
      <UniqueIdentifier>{b61d13f3-5ffd-4897-bdc8-5fec61a896ef}</UniqueIdentifier>
    </Filter>
    <Filter Include="Extensions\Headers">
      <UniqueIdentifier>{85e33415-fcce-485f-a7c9-b8014568d6fd}</UniqueIdentifier>
    </Filter>
    <Filter Include="Scenes\Level Selects">
      <UniqueIdentifier>{f2938a78-3ee2-4e91-9c3e-177e7f1b6a2c}</UniqueIdentifier>
    </Filter>
    <Filter Include="Scenes\Level Selects\Headers">
      <UniqueIdentifier>{82880c53-8515-4668-b95e-758acdc16389}</UniqueIdentifier>
    </Filter>
    <Filter Include="Scenes\HUB World">
      <UniqueIdentifier>{4b9261f1-9d85-4805-bc71-4a4c45d1fad7}</UniqueIdentifier>
    </Filter>
    <Filter Include="Scenes\HUB World\Headers">
      <UniqueIdentifier>{8527fb7a-64eb-477c-949b-f20e4cfce2ef}</UniqueIdentifier>
    </Filter>
    <Filter Include="Scenes\General Scenes">
      <UniqueIdentifier>{51bb1948-609a-40a3-b2e5-33db37e575a4}</UniqueIdentifier>
    </Filter>
    <Filter Include="Scenes\General Scenes\Headers">
      <UniqueIdentifier>{83bb740e-ce74-4a16-9655-37f6f5cdc51e}</UniqueIdentifier>
    </Filter>
    <Filter Include="Scenes\Custom Scenes">
      <UniqueIdentifier>{69924935-b400-4321-b777-3bff8f91fcc0}</UniqueIdentifier>
    </Filter>
    <Filter Include="Scenes\Custom Scenes\Headers">
      <UniqueIdentifier>{80b6d32a-9705-4442-a1dd-26d2b056e9c2}</UniqueIdentifier>
    </Filter>
    <Filter Include="Scenes\Functionality">
      <UniqueIdentifier>{a18e5e11-be40-4c54-821e-eabdf5c9fcda}</UniqueIdentifier>
    </Filter>
    <Filter Include="Scenes\Functionality\Headers">
      <UniqueIdentifier>{c2811ec4-bf20-4ca6-bb56-4d1c657f3c9e}</UniqueIdentifier>
    </Filter>
    <Filter Include="Scenes\Stock Scenes">
      <UniqueIdentifier>{5ef6419c-49cb-4418-b0f7-a7846e300a26}</UniqueIdentifier>
    </Filter>
    <Filter Include="Scenes\Stock Scenes\Headers">
      <UniqueIdentifier>{f2c3e778-162e-4c86-9ca4-a2b3b509ec5f}</UniqueIdentifier>
    </Filter>
  </ItemGroup>
  <ItemGroup>
    <None Include=".editorconfig" />
  </ItemGroup>
  <ItemGroup>
    <ClInclude Include="depends\tinyxml2\tinyxml2.h">
      <Filter>Depends</Filter>
    </ClInclude>
    <ClInclude Include="CompPlus_Core\CompPlus_Announcers.h">
      <Filter>Core\Headers</Filter>
    </ClInclude>
    <ClInclude Include="CompPlus_Core\CompPlus_Common.h">
      <Filter>Core\Headers</Filter>
    </ClInclude>
    <ClInclude Include="CompPlus_Core\CompPlus_Controllers.h">
      <Filter>Core\Headers</Filter>
    </ClInclude>
    <ClInclude Include="CompPlus_Core\CompPlus_DevMenu.h">
      <Filter>Core\Headers</Filter>
    </ClInclude>
    <ClInclude Include="CompPlus_Core\CompPlus_Scoring.h">
      <Filter>Core\Headers</Filter>
    </ClInclude>
    <ClInclude Include="CompPlus_Core\CompPlus_Settings.h">
      <Filter>Core\Headers</Filter>
    </ClInclude>
    <ClInclude Include="CompPlus_Core\CompPlus_Status.h">
      <Filter>Core\Headers</Filter>
    </ClInclude>
    <ClInclude Include="CompPlus_DevMenu\DevMenu_InputMapping.h">
      <Filter>DevMenu\Headers</Filter>
    </ClInclude>
    <ClInclude Include="CompPlus_DevMenu\DevMenu_MainMenu.h">
      <Filter>DevMenu\Headers</Filter>
    </ClInclude>
    <ClInclude Include="CompPlus_DevMenu\DevMenu_RankingEditor.h">
      <Filter>DevMenu\Headers</Filter>
    </ClInclude>
    <ClInclude Include="CompPlus_DevMenu\DevMenu_SpecialSettings.h">
      <Filter>DevMenu\Headers</Filter>
    </ClInclude>
    <ClInclude Include="CompPlus_Extensions\IZAPI.h">
      <Filter>Extensions\Headers</Filter>
    </ClInclude>
    <ClInclude Include="CompPlus_Extensions\Helpers.h">
      <Filter>Extensions\Headers</Filter>
    </ClInclude>
    <ClInclude Include="CompPlus_Extensions\ManiaExt.h">
      <Filter>Extensions\Headers</Filter>
    </ClInclude>
    <ClInclude Include="CompPlus_Extensions\PointScrolling.h">
      <Filter>Extensions\Headers</Filter>
    </ClInclude>
    <ClInclude Include="CompPlus_Scenes\Level Select\PhantomLevelSelect.h">
      <Filter>Scenes\Level Selects\Headers</Filter>
    </ClInclude>
    <ClInclude Include="CompPlus_Scenes\Level Select\ManiaLevelSelect.h">
      <Filter>Scenes\Level Selects\Headers</Filter>
    </ClInclude>
    <ClInclude Include="CompPlus_Scenes\Level Select\EncoreLevelSelect.h">
      <Filter>Scenes\Level Selects\Headers</Filter>
    </ClInclude>
    <ClInclude Include="CompPlus_Scenes\Level Select\CustomLevelSelect.h">
      <Filter>Scenes\Level Selects\Headers</Filter>
    </ClInclude>
    <ClInclude Include="CompPlus_Scenes\Level Select\ChaotixLevelSelect.h">
      <Filter>Scenes\Level Selects\Headers</Filter>
    </ClInclude>
    <ClInclude Include="CompPlus_Scenes\HUB World\HubControllers.h">
      <Filter>Scenes\HUB World\Headers</Filter>
    </ClInclude>
    <ClInclude Include="CompPlus_Scenes\HUB World\HubCore.h">
      <Filter>Scenes\HUB World\Headers</Filter>
    </ClInclude>
    <ClInclude Include="CompPlus_Scenes\HUB World\HubRanking.h">
      <Filter>Scenes\HUB World\Headers</Filter>
    </ClInclude>
    <ClInclude Include="CompPlus_Scenes\HUB World\HubSettings.h">
      <Filter>Scenes\HUB World\Headers</Filter>
    </ClInclude>
    <ClInclude Include="CompPlus_Scenes\HUB World\HubText.h">
      <Filter>Scenes\HUB World\Headers</Filter>
    </ClInclude>
    <ClInclude Include="CompPlus_Scenes\HUB World\HubWorld.h">
      <Filter>Scenes\HUB World\Headers</Filter>
    </ClInclude>
    <ClInclude Include="CompPlus_Scenes\General Scenes\CreditsScene.h">
      <Filter>Scenes\General Scenes\Headers</Filter>
    </ClInclude>
    <ClInclude Include="CompPlus_Scenes\General Scenes\GenericLogos.h">
      <Filter>Scenes\General Scenes\Headers</Filter>
    </ClInclude>
    <ClInclude Include="CompPlus_Scenes\General Scenes\ManiaMenu.h">
      <Filter>Scenes\General Scenes\Headers</Filter>
    </ClInclude>
    <ClInclude Include="CompPlus_Scenes\General Scenes\SettingsMenu.h">
      <Filter>Scenes\General Scenes\Headers</Filter>
    </ClInclude>
    <ClInclude Include="CompPlus_Scenes\Custom Scenes\GustPlanet.h">
      <Filter>Scenes\Custom Scenes\Headers</Filter>
    </ClInclude>
    <ClInclude Include="CompPlus_Scenes\Custom Scenes\LHPZ.h">
      <Filter>Scenes\Custom Scenes\Headers</Filter>
    </ClInclude>
    <ClInclude Include="Base.h" />
    <ClInclude Include="CompPlus_Scenes\Functionality\SpecialRings.h">
      <Filter>Scenes\Functionality\Headers</Filter>
    </ClInclude>
    <ClInclude Include="CompPlus_Scenes\Functionality\ZoneSpecifics.h">
      <Filter>Scenes\Functionality\Headers</Filter>
    </ClInclude>
    <ClInclude Include="CompPlus_Scenes\Functionality\Halloween2018.h">
      <Filter>Scenes\Functionality\Headers</Filter>
    </ClInclude>
    <ClInclude Include="CompPlus_Scenes\Level Select\ExeLevelSelect.h">
      <Filter>Scenes\Level Selects\Headers</Filter>
    </ClInclude>
    <ClInclude Include="CompPlus_Extensions\Drawing.h">
      <Filter>Extensions\Headers</Filter>
    </ClInclude>
    <ClInclude Include="CompPlus_Scenes\Functionality\RPlaneShifter.h">
      <Filter>Scenes\Functionality\Headers</Filter>
    </ClInclude>
    <ClInclude Include="CompPlus_Scenes\Functionality\EntityLoop.h">
      <Filter>Scenes\Functionality\Headers</Filter>
    </ClInclude>
    <ClInclude Include="CompPlus_Scenes\Functionality\SizeLazer.h">
      <Filter>Scenes\Functionality\Headers</Filter>
    </ClInclude>
    <ClInclude Include="CompPlus_Scenes\Functionality\VapeMusic.h">
      <Filter>Scenes\Functionality\Headers</Filter>
    </ClInclude>
    <ClInclude Include="CompPlus_Scenes\Level Select\CoreLevelSelect.h">
      <Filter>Scenes\Level Selects\Headers</Filter>
    </ClInclude>
    <ClInclude Include="CompPlus_Core\CompPlus_Patches.h">
      <Filter>Core\Headers</Filter>
    </ClInclude>
    <ClInclude Include="CompPlus_Core\CompPlus_Scenes.h">
      <Filter>Core\Headers</Filter>
    </ClInclude>
    <ClInclude Include="CompPlus_Scenes\Functionality\TailsFlightCancel.h">
      <Filter>Scenes\Functionality\Headers</Filter>
    </ClInclude>
    <ClInclude Include="CompPlus_Scenes\Functionality\DynCam.h">
      <Filter>Scenes\Functionality\Headers</Filter>
    </ClInclude>
    <ClInclude Include="CompPlus_Scenes\Functionality\CustomScreenStretch.h">
      <Filter>Scenes\Functionality\Headers</Filter>
    </ClInclude>
    <ClInclude Include="CompPlus_Scenes\Functionality\SpotlightC.h">
      <Filter>Scenes\Functionality\Headers</Filter>
    </ClInclude>
    <ClInclude Include="CompPlus_Scenes\General Scenes\DAGarden.h">
      <Filter>Scenes\General Scenes\Headers</Filter>
    </ClInclude>
    <ClInclude Include="CompPlus_Scenes\General Scenes\TitleScreen.h">
      <Filter>Scenes\General Scenes\Headers</Filter>
    </ClInclude>
    <ClInclude Include="CompPlus_Scenes\Functionality\PlayerSkins.h">
      <Filter>Scenes\Functionality\Headers</Filter>
    </ClInclude>
    <ClInclude Include="CompPlus_Scenes\Custom Scenes\MetrotropicBeach.h">
      <Filter>Scenes\Custom Scenes\Headers</Filter>
    </ClInclude>
    <ClInclude Include="CompPlus_Scenes\Functionality\SpeedShoesMods.h">
      <Filter>Scenes\Functionality\Headers</Filter>
    </ClInclude>
    <ClInclude Include="CompPlus_Scenes\Functionality\FBZStorm.h">
      <Filter>Scenes\Stock Scenes\Headers</Filter>
    </ClInclude>
  </ItemGroup>
  <ItemGroup>
    <ClCompile Include="Base.cpp" />
    <ClCompile Include="depends\tinyxml2\tinyxml2.cpp">
      <Filter>Depends</Filter>
    </ClCompile>
    <ClCompile Include="CompPlus_Core\CompPlus_Announcers.cpp">
      <Filter>Core</Filter>
    </ClCompile>
    <ClCompile Include="CompPlus_Core\CompPlus_Common.cpp">
      <Filter>Core</Filter>
    </ClCompile>
    <ClCompile Include="CompPlus_Core\CompPlus_Controllers.cpp">
      <Filter>Core</Filter>
    </ClCompile>
    <ClCompile Include="CompPlus_Core\CompPlus_DevMenu.cpp">
      <Filter>Core</Filter>
    </ClCompile>
    <ClCompile Include="CompPlus_Core\CompPlus_Scoring.cpp">
      <Filter>Core</Filter>
    </ClCompile>
    <ClCompile Include="CompPlus_Core\CompPlus_Settings.cpp">
      <Filter>Core</Filter>
    </ClCompile>
    <ClCompile Include="CompPlus_Core\CompPlus_Status.cpp">
      <Filter>Core</Filter>
    </ClCompile>
    <ClCompile Include="CompPlus_Extensions\dllmain.cpp">
      <Filter>Extensions</Filter>
    </ClCompile>
    <ClCompile Include="CompPlus_Extensions\Helpers.cpp">
      <Filter>Extensions</Filter>
    </ClCompile>
    <ClCompile Include="CompPlus_Extensions\ManiaExt.cpp">
      <Filter>Extensions</Filter>
    </ClCompile>
    <ClCompile Include="CompPlus_Extensions\PointScrolling.cpp">
      <Filter>Extensions</Filter>
    </ClCompile>
    <ClCompile Include="CompPlus_DevMenu\DevMenu_InputMapping.cpp">
      <Filter>DevMenu</Filter>
    </ClCompile>
    <ClCompile Include="CompPlus_DevMenu\DevMenu_MainMenu.cpp">
      <Filter>DevMenu</Filter>
    </ClCompile>
    <ClCompile Include="CompPlus_DevMenu\DevMenu_RankingEditor.cpp">
      <Filter>DevMenu</Filter>
    </ClCompile>
    <ClCompile Include="CompPlus_DevMenu\DevMenu_SpecialSettings.cpp">
      <Filter>DevMenu</Filter>
    </ClCompile>
    <ClCompile Include="CompPlus_Scenes\Level Select\ChaotixLevelSelect.cpp">
      <Filter>Scenes\Level Selects</Filter>
    </ClCompile>
    <ClCompile Include="CompPlus_Scenes\Level Select\CustomLevelSelect.cpp">
      <Filter>Scenes\Level Selects</Filter>
    </ClCompile>
    <ClCompile Include="CompPlus_Scenes\Level Select\EncoreLevelSelect.cpp">
      <Filter>Scenes\Level Selects</Filter>
    </ClCompile>
    <ClCompile Include="CompPlus_Scenes\Level Select\ManiaLevelSelect.cpp">
      <Filter>Scenes\Level Selects</Filter>
    </ClCompile>
    <ClCompile Include="CompPlus_Scenes\Level Select\PhantomLevelSelect.cpp">
      <Filter>Scenes\Level Selects</Filter>
    </ClCompile>
    <ClCompile Include="CompPlus_Scenes\HUB World\HubControllers.cpp">
      <Filter>Scenes\HUB World</Filter>
    </ClCompile>
    <ClCompile Include="CompPlus_Scenes\HUB World\HubCore.cpp">
      <Filter>Scenes\HUB World</Filter>
    </ClCompile>
    <ClCompile Include="CompPlus_Scenes\HUB World\HubRanking.cpp">
      <Filter>Scenes\HUB World</Filter>
    </ClCompile>
    <ClCompile Include="CompPlus_Scenes\HUB World\HubSettings.cpp">
      <Filter>Scenes\HUB World</Filter>
    </ClCompile>
    <ClCompile Include="CompPlus_Scenes\HUB World\HubText.cpp">
      <Filter>Scenes\HUB World</Filter>
    </ClCompile>
    <ClCompile Include="CompPlus_Scenes\HUB World\HubWorld.cpp">
      <Filter>Scenes\HUB World</Filter>
    </ClCompile>
    <ClCompile Include="CompPlus_Scenes\General Scenes\CreditsScene.cpp">
      <Filter>Scenes\General Scenes</Filter>
    </ClCompile>
    <ClCompile Include="CompPlus_Scenes\General Scenes\GenericLogos.cpp">
      <Filter>Scenes\General Scenes</Filter>
    </ClCompile>
    <ClCompile Include="CompPlus_Scenes\General Scenes\ManiaMenu.cpp">
      <Filter>Scenes\General Scenes</Filter>
    </ClCompile>
    <ClCompile Include="CompPlus_Scenes\General Scenes\SettingsMenu.cpp">
      <Filter>Scenes\General Scenes</Filter>
    </ClCompile>
    <ClCompile Include="CompPlus_Scenes\Custom Scenes\GustPlanet.cpp">
      <Filter>Scenes\Custom Scenes</Filter>
    </ClCompile>
    <ClCompile Include="CompPlus_Scenes\Custom Scenes\LHPZ.cpp">
      <Filter>Scenes\Custom Scenes</Filter>
    </ClCompile>
    <ClCompile Include="CompPlus_Scenes\Functionality\SpecialRings.cpp">
      <Filter>Scenes\Functionality</Filter>
    </ClCompile>
    <ClCompile Include="CompPlus_Scenes\Functionality\ZoneSpecifics.cpp">
      <Filter>Scenes\Functionality</Filter>
    </ClCompile>
    <ClCompile Include="CompPlus_Scenes\Functionality\Halloween2018.cpp">
      <Filter>Scenes\Functionality</Filter>
    </ClCompile>
    <ClCompile Include="CompPlus_Scenes\Level Select\ExeLevelSelect.cpp">
      <Filter>Scenes\Level Selects</Filter>
    </ClCompile>
    <ClCompile Include="CompPlus_Extensions\Drawing.cpp">
      <Filter>Extensions</Filter>
    </ClCompile>
    <ClCompile Include="CompPlus_Scenes\Functionality\RPlaneShifter.cpp">
      <Filter>Scenes\Functionality</Filter>
    </ClCompile>
    <ClCompile Include="CompPlus_Scenes\Functionality\EntityLoop.cpp">
      <Filter>Scenes\Functionality</Filter>
    </ClCompile>
    <ClCompile Include="CompPlus_Scenes\Functionality\SizeLazer.cpp">
      <Filter>Scenes\Functionality</Filter>
    </ClCompile>
    <ClCompile Include="CompPlus_Scenes\Functionality\VapeMusic.cpp">
      <Filter>Scenes\Functionality</Filter>
    </ClCompile>
    <ClCompile Include="CompPlus_Scenes\Level Select\CoreLevelSelect.cpp">
      <Filter>Scenes\Level Selects</Filter>
    </ClCompile>
    <ClCompile Include="CompPlus_Core\CompPlus_Patches.cpp">
      <Filter>Core</Filter>
    </ClCompile>
    <ClCompile Include="CompPlus_Core\CompPlus_Scenes.cpp">
      <Filter>Core</Filter>
    </ClCompile>
    <ClCompile Include="CompPlus_Scenes\Functionality\CustomScreenStretch.cpp">
      <Filter>Scenes\Functionality</Filter>
    </ClCompile>
    <ClCompile Include="CompPlus_Scenes\Functionality\DynCam.cpp">
      <Filter>Scenes\Functionality</Filter>
    </ClCompile>
    <ClCompile Include="CompPlus_Scenes\Functionality\TailsFlightCancel.cpp">
      <Filter>Scenes\Functionality</Filter>
    </ClCompile>
    <ClCompile Include="CompPlus_Scenes\Functionality\SpotlightC.cpp">
      <Filter>Scenes\Functionality</Filter>
    </ClCompile>
    <ClCompile Include="CompPlus_Scenes\General Scenes\TitleScreen.cpp">
      <Filter>Scenes\General Scenes</Filter>
    </ClCompile>
    <ClCompile Include="CompPlus_Scenes\General Scenes\DAGarden.cpp">
      <Filter>Scenes\General Scenes</Filter>
    </ClCompile>
    <ClCompile Include="CompPlus_Scenes\Functionality\PlayerSkins.cpp">
      <Filter>Scenes\Functionality</Filter>
    </ClCompile>
    <ClCompile Include="CompPlus_Scenes\Functionality\SpeedShoesMods.cpp">
      <Filter>Scenes\Functionality</Filter>
    </ClCompile>
    <ClCompile Include="CompPlus_Scenes\Custom Scenes\MetrotropicBeach.cpp">
      <Filter>Scenes\Custom Scenes</Filter>
    </ClCompile>
    <ClCompile Include="CompPlus_Scenes\Functionality\FBZStorm.cpp">
      <Filter>Scenes\Stock Scenes</Filter>
    </ClCompile>
  </ItemGroup>
</Project>