<?xml version="1.0" encoding="utf-8"?>
<Project ToolsVersion="4.0" xmlns="http://schemas.microsoft.com/developer/msbuild/2003">
  <ItemGroup>
    <Filter Include="Resource Files">
      <UniqueIdentifier>{67DA6AB6-F800-4c08-8B7A-83BB121AAD01}</UniqueIdentifier>
      <Extensions>rc;ico;cur;bmp;dlg;rc2;rct;bin;rgs;gif;jpg;jpeg;jpe;resx;tiff;tif;png;wav;mfcribbon-ms</Extensions>
    </Filter>
    <Filter Include="Scenes">
      <UniqueIdentifier>{dfa46945-ae5e-43ff-b2b2-d8c4faa49b66}</UniqueIdentifier>
    </Filter>
    <Filter Include="Scenes\Level Selects">
      <UniqueIdentifier>{c091c5b9-4226-4b04-befc-8109701b1807}</UniqueIdentifier>
    </Filter>
    <Filter Include="Core">
      <UniqueIdentifier>{b1bdbe9e-a36c-4e76-8998-0003a5b1d14e}</UniqueIdentifier>
      <Extensions>cpp;c;cc;cxx;def;odl;idl;hpj;bat;asm;asmx</Extensions>
    </Filter>
    <Filter Include="Extensions">
      <UniqueIdentifier>{56f541ab-8d49-4a79-a3fd-e35d9a7cecaa}</UniqueIdentifier>
    </Filter>
    <Filter Include="Internal">
      <UniqueIdentifier>{fd34e2b7-125d-42c0-a330-cab227ad3b33}</UniqueIdentifier>
    </Filter>
    <Filter Include="Scenes\Startup Logos">
      <UniqueIdentifier>{1b8b064f-ca8e-4094-82c9-4736c88f17d7}</UniqueIdentifier>
    </Filter>
  </ItemGroup>
  <ItemGroup>
    <None Include=".editorconfig" />
  </ItemGroup>
  <ItemGroup>
    <ClInclude Include="CustomLevelSelect.h">
      <Filter>Scenes\Level Selects</Filter>
    </ClInclude>
    <ClInclude Include="EncoreLevelSelect.h">
      <Filter>Scenes\Level Selects</Filter>
    </ClInclude>
    <ClInclude Include="ManiaLevelSelect.h">
      <Filter>Scenes\Level Selects</Filter>
    </ClInclude>
    <ClInclude Include="PhantomLevelSelect.h">
      <Filter>Scenes\Level Selects</Filter>
    </ClInclude>
    <ClInclude Include="LevelSelectCore.h">
      <Filter>Scenes\Level Selects</Filter>
    </ClInclude>
    <ClInclude Include="CompetitionManiaMenu.h">
      <Filter>Scenes</Filter>
    </ClInclude>
    <ClInclude Include="HubWorld.h">
      <Filter>Scenes</Filter>
    </ClInclude>
    <ClInclude Include="SettingsMenu.h">
      <Filter>Scenes</Filter>
    </ClInclude>
    <ClInclude Include="targetver.h">
      <Filter>Internal</Filter>
    </ClInclude>
    <ClInclude Include="include\SonicMania.h">
      <Filter>Internal</Filter>
    </ClInclude>
    <ClInclude Include="include\MemAccess.h">
      <Filter>Internal</Filter>
    </ClInclude>
    <ClInclude Include="include\ManiaModLoader.h">
      <Filter>Internal</Filter>
    </ClInclude>
    <ClInclude Include="include\IZAPI.h">
      <Filter>Internal</Filter>
    </ClInclude>
    <ClInclude Include="Common.h">
      <Filter>Core</Filter>
    </ClInclude>
    <ClInclude Include="CompPlusSettings.h">
      <Filter>Core</Filter>
    </ClInclude>
    <ClInclude Include="stdafx.h">
      <Filter>Core</Filter>
    </ClInclude>
    <ClInclude Include="ManiaExt.h">
      <Filter>Extensions</Filter>
    </ClInclude>
    <ClInclude Include="PointScrolling.h">
      <Filter>Extensions</Filter>
    </ClInclude>
    <ClInclude Include="CompetitionPlus.h" />
    <ClInclude Include="GenericLogos.h">
      <Filter>Scenes\Startup Logos</Filter>
    </ClInclude>
  </ItemGroup>
  <ItemGroup>
    <ClCompile Include="PointScrolling.cpp">
      <Filter>Extensions</Filter>
    </ClCompile>
    <ClCompile Include="ManiaExt.cpp">
      <Filter>Extensions</Filter>
    </ClCompile>
    <ClCompile Include="dllmain.cpp">
      <Filter>Core</Filter>
    </ClCompile>
    <ClCompile Include="stdafx.cpp">
      <Filter>Core</Filter>
    </ClCompile>
    <ClCompile Include="Common.cpp">
      <Filter>Core</Filter>
    </ClCompile>
    <ClCompile Include="CompPlusSettings.cpp">
      <Filter>Core</Filter>
    </ClCompile>
    <ClCompile Include="CompetitionManiaMenu.cpp">
      <Filter>Scenes</Filter>
    </ClCompile>
    <ClCompile Include="HubWorld.cpp">
      <Filter>Scenes</Filter>
    </ClCompile>
    <ClCompile Include="SettingsMenu.cpp">
      <Filter>Scenes</Filter>
    </ClCompile>
    <ClCompile Include="CustomLevelSelect.cpp">
      <Filter>Scenes\Level Selects</Filter>
    </ClCompile>
    <ClCompile Include="EncoreLevelSelect.cpp">
      <Filter>Scenes\Level Selects</Filter>
    </ClCompile>
    <ClCompile Include="LevelSelectCore.cpp">
      <Filter>Scenes\Level Selects</Filter>
    </ClCompile>
    <ClCompile Include="ManiaLevelSelect.cpp">
      <Filter>Scenes\Level Selects</Filter>
    </ClCompile>
    <ClCompile Include="PhantomLevelSelect.cpp">
      <Filter>Scenes\Level Selects</Filter>
    </ClCompile>
    <ClCompile Include="Base.cpp" />
    <ClCompile Include="CompetitionPlus.cpp" />
    <ClCompile Include="GenericLogos.cpp">
      <Filter>Scenes\Startup Logos</Filter>
    </ClCompile>
  </ItemGroup>
</Project>