<?xml version="1.0" encoding="utf-8"?>
<Project ToolsVersion="4.0" xmlns="http://schemas.microsoft.com/developer/msbuild/2003">
  <ItemGroup>
    <Filter Include="Source Files">
      <UniqueIdentifier>{4FC737F1-C7A5-4376-A066-2A32D752A2FF}</UniqueIdentifier>
      <Extensions>cpp;c;cc;cxx;def;odl;idl;hpj;bat;asm;asmx</Extensions>
    </Filter>
    <Filter Include="Header Files">
      <UniqueIdentifier>{93995380-89BD-4b04-88EB-625FBE52EBFB}</UniqueIdentifier>
      <Extensions>h;hh;hpp;hxx;hm;inl;inc;ipp;xsd</Extensions>
    </Filter>
    <Filter Include="Resource Files">
      <UniqueIdentifier>{67DA6AB6-F800-4c08-8B7A-83BB121AAD01}</UniqueIdentifier>
      <Extensions>rc;ico;cur;bmp;dlg;rc2;rct;bin;rgs;gif;jpg;jpeg;jpe;resx;tiff;tif;png;wav;mfcribbon-ms</Extensions>
    </Filter>
    <Filter Include="Source Files\Level Selects">
      <UniqueIdentifier>{4fe7ce74-1ce5-454e-94ce-76fa07393d9e}</UniqueIdentifier>
    </Filter>
    <Filter Include="Header Files\Level Selects">
      <UniqueIdentifier>{c091c5b9-4226-4b04-befc-8109701b1807}</UniqueIdentifier>
    </Filter>
    <Filter Include="Source Files\Core">
      <UniqueIdentifier>{b1bdbe9e-a36c-4e76-8998-0003a5b1d14e}</UniqueIdentifier>
      <Extensions>cpp;c;cc;cxx;def;odl;idl;hpj;bat;asm;asmx</Extensions>
    </Filter>
    <Filter Include="Header Files\Core">
      <UniqueIdentifier>{d5e2f886-0e50-4f1c-a22f-8613aa90450a}</UniqueIdentifier>
    </Filter>
    <Filter Include="Header Files\Levels">
      <UniqueIdentifier>{db390e86-f679-43d4-8b01-91e2866dc6cd}</UniqueIdentifier>
    </Filter>
    <Filter Include="Source Files\Levels">
      <UniqueIdentifier>{3625174a-9f03-4df2-8130-89b13121eebd}</UniqueIdentifier>
    </Filter>
    <Filter Include="Header Files\Extensions">
      <UniqueIdentifier>{dd6829c6-afb0-42ce-8932-fea84f8c1aa7}</UniqueIdentifier>
    </Filter>
    <Filter Include="Source Files\Extensions">
      <UniqueIdentifier>{56f541ab-8d49-4a79-a3fd-e35d9a7cecaa}</UniqueIdentifier>
    </Filter>
  </ItemGroup>
  <ItemGroup>
    <None Include=".editorconfig" />
  </ItemGroup>
  <ItemGroup>
    <ClInclude Include="CustomLevelSelect.h">
      <Filter>Header Files\Level Selects</Filter>
    </ClInclude>
    <ClInclude Include="EncoreLevelSelect.h">
      <Filter>Header Files\Level Selects</Filter>
    </ClInclude>
    <ClInclude Include="ManiaLevelSelect.h">
      <Filter>Header Files\Level Selects</Filter>
    </ClInclude>
    <ClInclude Include="PhantomLevelSelect.h">
      <Filter>Header Files\Level Selects</Filter>
    </ClInclude>
    <ClInclude Include="CompetitionPlus.h">
      <Filter>Header Files\Core</Filter>
    </ClInclude>
    <ClInclude Include="include\ManiaModLoader.h">
      <Filter>Header Files\Core</Filter>
    </ClInclude>
    <ClInclude Include="include\MemAccess.h">
      <Filter>Header Files\Core</Filter>
    </ClInclude>
    <ClInclude Include="include\SonicMania.h">
      <Filter>Header Files\Core</Filter>
    </ClInclude>
    <ClInclude Include="stdafx.h">
      <Filter>Header Files\Core</Filter>
    </ClInclude>
    <ClInclude Include="targetver.h">
      <Filter>Header Files\Core</Filter>
    </ClInclude>
    <ClInclude Include="HubWorld.h">
      <Filter>Header Files\Levels</Filter>
    </ClInclude>
    <ClInclude Include="ManiaExt.h">
      <Filter>Header Files\Extensions</Filter>
    </ClInclude>
    <ClInclude Include="PointScrolling.h">
      <Filter>Header Files\Extensions</Filter>
    </ClInclude>
    <ClInclude Include="CompetitionManiaMenu.h">
      <Filter>Header Files\Levels</Filter>
    </ClInclude>
    <ClInclude Include="LevelSelectCore.h">
      <Filter>Header Files\Level Selects</Filter>
    </ClInclude>
    <ClInclude Include="Common.h">
      <Filter>Header Files\Core</Filter>
    </ClInclude>
    <ClInclude Include="CompPlusSettings.h">
      <Filter>Header Files\Core</Filter>
    </ClInclude>
    <ClInclude Include="include\IZAPI.h">
      <Filter>Header Files\Core</Filter>
    </ClInclude>
  </ItemGroup>
  <ItemGroup>
    <ClCompile Include="PointScrolling.cpp">
      <Filter>Source Files\Extensions</Filter>
    </ClCompile>
    <ClCompile Include="ManiaExt.cpp">
      <Filter>Source Files\Extensions</Filter>
    </ClCompile>
    <ClCompile Include="CustomLevelSelect.cpp">
      <Filter>Source Files\Level Selects</Filter>
    </ClCompile>
    <ClCompile Include="EncoreLevelSelect.cpp">
      <Filter>Source Files\Level Selects</Filter>
    </ClCompile>
    <ClCompile Include="ManiaLevelSelect.cpp">
      <Filter>Source Files\Level Selects</Filter>
    </ClCompile>
    <ClCompile Include="PhantomLevelSelect.cpp">
      <Filter>Source Files\Level Selects</Filter>
    </ClCompile>
    <ClCompile Include="CompetitionPlus.cpp">
      <Filter>Source Files\Core</Filter>
    </ClCompile>
    <ClCompile Include="dllmain.cpp">
      <Filter>Source Files\Core</Filter>
    </ClCompile>
    <ClCompile Include="stdafx.cpp">
      <Filter>Source Files\Core</Filter>
    </ClCompile>
    <ClCompile Include="HubWorld.cpp">
      <Filter>Source Files\Levels</Filter>
    </ClCompile>
    <ClCompile Include="CompetitionManiaMenu.cpp">
      <Filter>Source Files\Levels</Filter>
    </ClCompile>
    <ClCompile Include="LevelSelectCore.cpp">
      <Filter>Source Files\Level Selects</Filter>
    </ClCompile>
    <ClCompile Include="Common.cpp">
      <Filter>Source Files\Core</Filter>
    </ClCompile>
    <ClCompile Include="Base.cpp">
      <Filter>Source Files\Core</Filter>
    </ClCompile>
    <ClCompile Include="CompPlusSettings.cpp">
      <Filter>Source Files\Core</Filter>
    </ClCompile>
  </ItemGroup>
</Project>